
Microsoft Visual Studio Solution File, Format Version 12.00
# Visual Studio Version 16
VisualStudioVersion = 16.0.30711.63
MinimumVisualStudioVersion = 10.0.40219.1
Project("{9A19103F-16F7-4668-BE54-9A1E7A4F7556}") = "01.ExtractPersonInformation", "01.ExtractPersonInformation\01.ExtractPersonInformation.csproj", "{F95B2D37-6640-4168-A699-7DCC70406638}"
EndProject
Project("{9A19103F-16F7-4668-BE54-9A1E7A4F7556}") = "02.AsciiSumator", "02.AsciiSumator\02.AsciiSumator.csproj", "{DCF5E677-67BB-4E4C-BDB7-F96A96568AE5}"
EndProject
Project("{9A19103F-16F7-4668-BE54-9A1E7A4F7556}") = "03.TreasureFinder", "03.TreasureFinder\03.TreasureFinder.csproj", "{CF06590F-99B1-4A66-8070-AD2E8C02CC72}"
EndProject
Project("{FAE04EC0-301F-11D3-BF4B-00C04F79EFBC}") = "04. MorseCodeTranslator", "04.4. MorseCodeTranslator\04. MorseCodeTranslator.csproj", "{723454BF-95C8-49AB-B912-283C10114ED1}"
EndProject
Project("{FAE04EC0-301F-11D3-BF4B-00C04F79EFBC}") = "05.HTML", "05.HTML\05.HTML.csproj", "{7D336306-603B-4C08-BAC5-F18652A038DA}"
EndProject
Global
	GlobalSection(SolutionConfigurationPlatforms) = preSolution
		Debug|Any CPU = Debug|Any CPU
		Release|Any CPU = Release|Any CPU
	EndGlobalSection
	GlobalSection(ProjectConfigurationPlatforms) = postSolution
		{F95B2D37-6640-4168-A699-7DCC70406638}.Debug|Any CPU.ActiveCfg = Debug|Any CPU
		{F95B2D37-6640-4168-A699-7DCC70406638}.Debug|Any CPU.Build.0 = Debug|Any CPU
		{F95B2D37-6640-4168-A699-7DCC70406638}.Release|Any CPU.ActiveCfg = Release|Any CPU
		{F95B2D37-6640-4168-A699-7DCC70406638}.Release|Any CPU.Build.0 = Release|Any CPU
		{DCF5E677-67BB-4E4C-BDB7-F96A96568AE5}.Debug|Any CPU.ActiveCfg = Debug|Any CPU
		{DCF5E677-67BB-4E4C-BDB7-F96A96568AE5}.Debug|Any CPU.Build.0 = Debug|Any CPU
		{DCF5E677-67BB-4E4C-BDB7-F96A96568AE5}.Release|Any CPU.ActiveCfg = Release|Any CPU
		{DCF5E677-67BB-4E4C-BDB7-F96A96568AE5}.Release|Any CPU.Build.0 = Release|Any CPU
		{CF06590F-99B1-4A66-8070-AD2E8C02CC72}.Debug|Any CPU.ActiveCfg = Debug|Any CPU
		{CF06590F-99B1-4A66-8070-AD2E8C02CC72}.Debug|Any CPU.Build.0 = Debug|Any CPU
		{CF06590F-99B1-4A66-8070-AD2E8C02CC72}.Release|Any CPU.ActiveCfg = Release|Any CPU
		{CF06590F-99B1-4A66-8070-AD2E8C02CC72}.Release|Any CPU.Build.0 = Release|Any CPU
		{723454BF-95C8-49AB-B912-283C10114ED1}.Debug|Any CPU.ActiveCfg = Debug|Any CPU
		{723454BF-95C8-49AB-B912-283C10114ED1}.Debug|Any CPU.Build.0 = Debug|Any CPU
		{723454BF-95C8-49AB-B912-283C10114ED1}.Release|Any CPU.ActiveCfg = Release|Any CPU
		{723454BF-95C8-49AB-B912-283C10114ED1}.Release|Any CPU.Build.0 = Release|Any CPU
		{7D336306-603B-4C08-BAC5-F18652A038DA}.Debug|Any CPU.ActiveCfg = Debug|Any CPU
		{7D336306-603B-4C08-BAC5-F18652A038DA}.Debug|Any CPU.Build.0 = Debug|Any CPU
		{7D336306-603B-4C08-BAC5-F18652A038DA}.Release|Any CPU.ActiveCfg = Release|Any CPU
		{7D336306-603B-4C08-BAC5-F18652A038DA}.Release|Any CPU.Build.0 = Release|Any CPU
	EndGlobalSection
	GlobalSection(SolutionProperties) = preSolution
		HideSolutionNode = FALSE
	EndGlobalSection
	GlobalSection(ExtensibilityGlobals) = postSolution
		SolutionGuid = {0C1612FC-B131-437E-9614-691B09523909}
	EndGlobalSection
EndGlobal
