
Microsoft Visual Studio Solution File, Format Version 12.00
# Visual Studio Version 16
VisualStudioVersion = 16.0.30804.86
MinimumVisualStudioVersion = 10.0.40219.1
Project("{9A19103F-16F7-4668-BE54-9A1E7A4F7556}") = "01.Problem", "01.Problem\01.Problem.csproj", "{8584BF57-752C-4195-9928-B38E7D654B29}"
EndProject
Project("{9A19103F-16F7-4668-BE54-9A1E7A4F7556}") = "02.Problem", "02.Problem\02.Problem.csproj", "{4D355CDD-EA5C-40A7-A1FC-8674199E5DA6}"
EndProject
Project("{9A19103F-16F7-4668-BE54-9A1E7A4F7556}") = "03.Problem", "03.Problem\03.Problem.csproj", "{3011C5E0-3898-496B-9CF5-5CE707955B05}"
EndProject
Project("{9A19103F-16F7-4668-BE54-9A1E7A4F7556}") = "01.Problem1", "01.Problem1\01.Problem1.csproj", "{A050248E-C24B-4B51-B0DF-D7E0B6D86C48}"
EndProject
Project("{9A19103F-16F7-4668-BE54-9A1E7A4F7556}") = "03.Problem3", "03.Problem3\03.Problem3.csproj", "{6693CAA7-5DC8-4542-B2E3-CD6FE5AC6648}"
EndProject
Project("{9A19103F-16F7-4668-BE54-9A1E7A4F7556}") = "02.Problem1", "02.Problem1\02.Problem1.csproj", "{412E8415-8D10-4F79-9B63-3414ABDEBB23}"
EndProject
Project("{9A19103F-16F7-4668-BE54-9A1E7A4F7556}") = "01.Problem2", "01.Problem2\01.Problem2.csproj", "{220FBD80-5373-43F3-BF42-8D36F0691C1A}"
EndProject
Project("{9A19103F-16F7-4668-BE54-9A1E7A4F7556}") = "01.Problem3", "01.Problem3\01.Problem3.csproj", "{D884FE3F-198F-4CC8-91D3-82E8E23810A8}"
EndProject
Project("{9A19103F-16F7-4668-BE54-9A1E7A4F7556}") = "03.Problem1", "03.Problem1\03.Problem1.csproj", "{07FF1902-30F3-4F1A-9085-EB702B7B0C5A}"
EndProject
Project("{9A19103F-16F7-4668-BE54-9A1E7A4F7556}") = "02.Problem2", "02.Problem2\02.Problem2.csproj", "{7AA6C58D-3CC8-41A3-AFEB-25751CE49DBF}"
EndProject
Project("{9A19103F-16F7-4668-BE54-9A1E7A4F7556}") = "02.Problem3", "02.Problem3\02.Problem3.csproj", "{943A1BA6-2201-4E53-8A49-25907DEB3399}"
EndProject
Project("{9A19103F-16F7-4668-BE54-9A1E7A4F7556}") = "02.Problem4", "02.Problem4\02.Problem4.csproj", "{680A2B4A-7F4E-4540-995E-146B0FEBF64E}"
EndProject
Project("{FAE04EC0-301F-11D3-BF4B-00C04F79EFBC}") = "01.Problem4", "01.Problem4\01.Problem4.csproj", "{DC4038DC-3CE9-4B7C-A5C8-56C62B9AEFE7}"
EndProject
Project("{FAE04EC0-301F-11D3-BF4B-00C04F79EFBC}") = "02.Problem5", "02.Problem5\02.Problem5.csproj", "{32D45241-9500-453F-B2AB-9C5A003D5852}"
EndProject
Project("{FAE04EC0-301F-11D3-BF4B-00C04F79EFBC}") = "03.Problem2", "03.Problem2\03.Problem2.csproj", "{4533872B-28A3-4CBD-B2FD-FAF66F5FE110}"
EndProject
Project("{FAE04EC0-301F-11D3-BF4B-00C04F79EFBC}") = "01.Problem5", "01.Problem5\01.Problem5.csproj", "{120CA0F8-23A4-4A8D-92C2-169D100EF5E2}"
EndProject
Global
	GlobalSection(SolutionConfigurationPlatforms) = preSolution
		Debug|Any CPU = Debug|Any CPU
		Release|Any CPU = Release|Any CPU
	EndGlobalSection
	GlobalSection(ProjectConfigurationPlatforms) = postSolution
		{8584BF57-752C-4195-9928-B38E7D654B29}.Debug|Any CPU.ActiveCfg = Debug|Any CPU
		{8584BF57-752C-4195-9928-B38E7D654B29}.Debug|Any CPU.Build.0 = Debug|Any CPU
		{8584BF57-752C-4195-9928-B38E7D654B29}.Release|Any CPU.ActiveCfg = Release|Any CPU
		{8584BF57-752C-4195-9928-B38E7D654B29}.Release|Any CPU.Build.0 = Release|Any CPU
		{4D355CDD-EA5C-40A7-A1FC-8674199E5DA6}.Debug|Any CPU.ActiveCfg = Debug|Any CPU
		{4D355CDD-EA5C-40A7-A1FC-8674199E5DA6}.Debug|Any CPU.Build.0 = Debug|Any CPU
		{4D355CDD-EA5C-40A7-A1FC-8674199E5DA6}.Release|Any CPU.ActiveCfg = Release|Any CPU
		{4D355CDD-EA5C-40A7-A1FC-8674199E5DA6}.Release|Any CPU.Build.0 = Release|Any CPU
		{3011C5E0-3898-496B-9CF5-5CE707955B05}.Debug|Any CPU.ActiveCfg = Debug|Any CPU
		{3011C5E0-3898-496B-9CF5-5CE707955B05}.Debug|Any CPU.Build.0 = Debug|Any CPU
		{3011C5E0-3898-496B-9CF5-5CE707955B05}.Release|Any CPU.ActiveCfg = Release|Any CPU
		{3011C5E0-3898-496B-9CF5-5CE707955B05}.Release|Any CPU.Build.0 = Release|Any CPU
		{A050248E-C24B-4B51-B0DF-D7E0B6D86C48}.Debug|Any CPU.ActiveCfg = Debug|Any CPU
		{A050248E-C24B-4B51-B0DF-D7E0B6D86C48}.Debug|Any CPU.Build.0 = Debug|Any CPU
		{A050248E-C24B-4B51-B0DF-D7E0B6D86C48}.Release|Any CPU.ActiveCfg = Release|Any CPU
		{A050248E-C24B-4B51-B0DF-D7E0B6D86C48}.Release|Any CPU.Build.0 = Release|Any CPU
		{6693CAA7-5DC8-4542-B2E3-CD6FE5AC6648}.Debug|Any CPU.ActiveCfg = Debug|Any CPU
		{6693CAA7-5DC8-4542-B2E3-CD6FE5AC6648}.Debug|Any CPU.Build.0 = Debug|Any CPU
		{6693CAA7-5DC8-4542-B2E3-CD6FE5AC6648}.Release|Any CPU.ActiveCfg = Release|Any CPU
		{6693CAA7-5DC8-4542-B2E3-CD6FE5AC6648}.Release|Any CPU.Build.0 = Release|Any CPU
		{412E8415-8D10-4F79-9B63-3414ABDEBB23}.Debug|Any CPU.ActiveCfg = Debug|Any CPU
		{412E8415-8D10-4F79-9B63-3414ABDEBB23}.Debug|Any CPU.Build.0 = Debug|Any CPU
		{412E8415-8D10-4F79-9B63-3414ABDEBB23}.Release|Any CPU.ActiveCfg = Release|Any CPU
		{412E8415-8D10-4F79-9B63-3414ABDEBB23}.Release|Any CPU.Build.0 = Release|Any CPU
		{220FBD80-5373-43F3-BF42-8D36F0691C1A}.Debug|Any CPU.ActiveCfg = Debug|Any CPU
		{220FBD80-5373-43F3-BF42-8D36F0691C1A}.Debug|Any CPU.Build.0 = Debug|Any CPU
		{220FBD80-5373-43F3-BF42-8D36F0691C1A}.Release|Any CPU.ActiveCfg = Release|Any CPU
		{220FBD80-5373-43F3-BF42-8D36F0691C1A}.Release|Any CPU.Build.0 = Release|Any CPU
		{D884FE3F-198F-4CC8-91D3-82E8E23810A8}.Debug|Any CPU.ActiveCfg = Debug|Any CPU
		{D884FE3F-198F-4CC8-91D3-82E8E23810A8}.Debug|Any CPU.Build.0 = Debug|Any CPU
		{D884FE3F-198F-4CC8-91D3-82E8E23810A8}.Release|Any CPU.ActiveCfg = Release|Any CPU
		{D884FE3F-198F-4CC8-91D3-82E8E23810A8}.Release|Any CPU.Build.0 = Release|Any CPU
		{07FF1902-30F3-4F1A-9085-EB702B7B0C5A}.Debug|Any CPU.ActiveCfg = Debug|Any CPU
		{07FF1902-30F3-4F1A-9085-EB702B7B0C5A}.Debug|Any CPU.Build.0 = Debug|Any CPU
		{07FF1902-30F3-4F1A-9085-EB702B7B0C5A}.Release|Any CPU.ActiveCfg = Release|Any CPU
		{07FF1902-30F3-4F1A-9085-EB702B7B0C5A}.Release|Any CPU.Build.0 = Release|Any CPU
		{7AA6C58D-3CC8-41A3-AFEB-25751CE49DBF}.Debug|Any CPU.ActiveCfg = Debug|Any CPU
		{7AA6C58D-3CC8-41A3-AFEB-25751CE49DBF}.Debug|Any CPU.Build.0 = Debug|Any CPU
		{7AA6C58D-3CC8-41A3-AFEB-25751CE49DBF}.Release|Any CPU.ActiveCfg = Release|Any CPU
		{7AA6C58D-3CC8-41A3-AFEB-25751CE49DBF}.Release|Any CPU.Build.0 = Release|Any CPU
		{943A1BA6-2201-4E53-8A49-25907DEB3399}.Debug|Any CPU.ActiveCfg = Debug|Any CPU
		{943A1BA6-2201-4E53-8A49-25907DEB3399}.Debug|Any CPU.Build.0 = Debug|Any CPU
		{943A1BA6-2201-4E53-8A49-25907DEB3399}.Release|Any CPU.ActiveCfg = Release|Any CPU
		{943A1BA6-2201-4E53-8A49-25907DEB3399}.Release|Any CPU.Build.0 = Release|Any CPU
		{680A2B4A-7F4E-4540-995E-146B0FEBF64E}.Debug|Any CPU.ActiveCfg = Debug|Any CPU
		{680A2B4A-7F4E-4540-995E-146B0FEBF64E}.Debug|Any CPU.Build.0 = Debug|Any CPU
		{680A2B4A-7F4E-4540-995E-146B0FEBF64E}.Release|Any CPU.ActiveCfg = Release|Any CPU
		{680A2B4A-7F4E-4540-995E-146B0FEBF64E}.Release|Any CPU.Build.0 = Release|Any CPU
		{DC4038DC-3CE9-4B7C-A5C8-56C62B9AEFE7}.Debug|Any CPU.ActiveCfg = Debug|Any CPU
		{DC4038DC-3CE9-4B7C-A5C8-56C62B9AEFE7}.Debug|Any CPU.Build.0 = Debug|Any CPU
		{DC4038DC-3CE9-4B7C-A5C8-56C62B9AEFE7}.Release|Any CPU.ActiveCfg = Release|Any CPU
		{DC4038DC-3CE9-4B7C-A5C8-56C62B9AEFE7}.Release|Any CPU.Build.0 = Release|Any CPU
		{32D45241-9500-453F-B2AB-9C5A003D5852}.Debug|Any CPU.ActiveCfg = Debug|Any CPU
		{32D45241-9500-453F-B2AB-9C5A003D5852}.Debug|Any CPU.Build.0 = Debug|Any CPU
		{32D45241-9500-453F-B2AB-9C5A003D5852}.Release|Any CPU.ActiveCfg = Release|Any CPU
		{32D45241-9500-453F-B2AB-9C5A003D5852}.Release|Any CPU.Build.0 = Release|Any CPU
		{4533872B-28A3-4CBD-B2FD-FAF66F5FE110}.Debug|Any CPU.ActiveCfg = Debug|Any CPU
		{4533872B-28A3-4CBD-B2FD-FAF66F5FE110}.Debug|Any CPU.Build.0 = Debug|Any CPU
		{4533872B-28A3-4CBD-B2FD-FAF66F5FE110}.Release|Any CPU.ActiveCfg = Release|Any CPU
		{4533872B-28A3-4CBD-B2FD-FAF66F5FE110}.Release|Any CPU.Build.0 = Release|Any CPU
		{120CA0F8-23A4-4A8D-92C2-169D100EF5E2}.Debug|Any CPU.ActiveCfg = Debug|Any CPU
		{120CA0F8-23A4-4A8D-92C2-169D100EF5E2}.Debug|Any CPU.Build.0 = Debug|Any CPU
		{120CA0F8-23A4-4A8D-92C2-169D100EF5E2}.Release|Any CPU.ActiveCfg = Release|Any CPU
		{120CA0F8-23A4-4A8D-92C2-169D100EF5E2}.Release|Any CPU.Build.0 = Release|Any CPU
	EndGlobalSection
	GlobalSection(SolutionProperties) = preSolution
		HideSolutionNode = FALSE
	EndGlobalSection
	GlobalSection(ExtensibilityGlobals) = postSolution
		SolutionGuid = {4AD9D218-9BC8-486F-80F0-D1387304A453}
	EndGlobalSection
EndGlobal
