
Microsoft Visual Studio Solution File, Format Version 12.00
# Visual Studio Version 16
VisualStudioVersion = 16.0.30804.86
MinimumVisualStudioVersion = 10.0.40219.1
Project("{9A19103F-16F7-4668-BE54-9A1E7A4F7556}") = "01.Test", "01.Test\01.Test.csproj", "{DE5CC323-109F-46F0-8199-0F82F9E362CD}"
EndProject
Project("{FAE04EC0-301F-11D3-BF4B-00C04F79EFBC}") = "02.Test", "02.Test\02.Test.csproj", "{F443D9D2-6DD9-4ADF-917C-228F48E94DC8}"
EndProject
Project("{FAE04EC0-301F-11D3-BF4B-00C04F79EFBC}") = "02.Test1", "02.Test1\02.Test1.csproj", "{FBDFE2FA-57C4-4F4D-8738-273D0818BE4B}"
EndProject
Project("{FAE04EC0-301F-11D3-BF4B-00C04F79EFBC}") = "03.Test", "03.Test\03.Test.csproj", "{C3D7C543-98F0-419C-A6BB-A9851EC4CB3C}"
EndProject
Project("{FAE04EC0-301F-11D3-BF4B-00C04F79EFBC}") = "01.Test1", "01.Test1\01.Test1.csproj", "{45757EA3-58C2-4BDA-B5EE-C2E24238B346}"
EndProject
Project("{FAE04EC0-301F-11D3-BF4B-00C04F79EFBC}") = "02.Test2", "02.Test2\02.Test2.csproj", "{AAA0ECED-F283-4029-B817-F4B2B2599D5D}"
EndProject
Project("{FAE04EC0-301F-11D3-BF4B-00C04F79EFBC}") = "04.Test", "04.Test\04.Test.csproj", "{668B8828-FC7A-48E5-A3BC-9BFF36E01E85}"
EndProject
Global
	GlobalSection(SolutionConfigurationPlatforms) = preSolution
		Debug|Any CPU = Debug|Any CPU
		Release|Any CPU = Release|Any CPU
	EndGlobalSection
	GlobalSection(ProjectConfigurationPlatforms) = postSolution
		{DE5CC323-109F-46F0-8199-0F82F9E362CD}.Debug|Any CPU.ActiveCfg = Debug|Any CPU
		{DE5CC323-109F-46F0-8199-0F82F9E362CD}.Debug|Any CPU.Build.0 = Debug|Any CPU
		{DE5CC323-109F-46F0-8199-0F82F9E362CD}.Release|Any CPU.ActiveCfg = Release|Any CPU
		{DE5CC323-109F-46F0-8199-0F82F9E362CD}.Release|Any CPU.Build.0 = Release|Any CPU
		{F443D9D2-6DD9-4ADF-917C-228F48E94DC8}.Debug|Any CPU.ActiveCfg = Debug|Any CPU
		{F443D9D2-6DD9-4ADF-917C-228F48E94DC8}.Debug|Any CPU.Build.0 = Debug|Any CPU
		{F443D9D2-6DD9-4ADF-917C-228F48E94DC8}.Release|Any CPU.ActiveCfg = Release|Any CPU
		{F443D9D2-6DD9-4ADF-917C-228F48E94DC8}.Release|Any CPU.Build.0 = Release|Any CPU
		{FBDFE2FA-57C4-4F4D-8738-273D0818BE4B}.Debug|Any CPU.ActiveCfg = Debug|Any CPU
		{FBDFE2FA-57C4-4F4D-8738-273D0818BE4B}.Debug|Any CPU.Build.0 = Debug|Any CPU
		{FBDFE2FA-57C4-4F4D-8738-273D0818BE4B}.Release|Any CPU.ActiveCfg = Release|Any CPU
		{FBDFE2FA-57C4-4F4D-8738-273D0818BE4B}.Release|Any CPU.Build.0 = Release|Any CPU
		{C3D7C543-98F0-419C-A6BB-A9851EC4CB3C}.Debug|Any CPU.ActiveCfg = Debug|Any CPU
		{C3D7C543-98F0-419C-A6BB-A9851EC4CB3C}.Debug|Any CPU.Build.0 = Debug|Any CPU
		{C3D7C543-98F0-419C-A6BB-A9851EC4CB3C}.Release|Any CPU.ActiveCfg = Release|Any CPU
		{C3D7C543-98F0-419C-A6BB-A9851EC4CB3C}.Release|Any CPU.Build.0 = Release|Any CPU
		{45757EA3-58C2-4BDA-B5EE-C2E24238B346}.Debug|Any CPU.ActiveCfg = Debug|Any CPU
		{45757EA3-58C2-4BDA-B5EE-C2E24238B346}.Debug|Any CPU.Build.0 = Debug|Any CPU
		{45757EA3-58C2-4BDA-B5EE-C2E24238B346}.Release|Any CPU.ActiveCfg = Release|Any CPU
		{45757EA3-58C2-4BDA-B5EE-C2E24238B346}.Release|Any CPU.Build.0 = Release|Any CPU
		{AAA0ECED-F283-4029-B817-F4B2B2599D5D}.Debug|Any CPU.ActiveCfg = Debug|Any CPU
		{AAA0ECED-F283-4029-B817-F4B2B2599D5D}.Debug|Any CPU.Build.0 = Debug|Any CPU
		{AAA0ECED-F283-4029-B817-F4B2B2599D5D}.Release|Any CPU.ActiveCfg = Release|Any CPU
		{AAA0ECED-F283-4029-B817-F4B2B2599D5D}.Release|Any CPU.Build.0 = Release|Any CPU
		{668B8828-FC7A-48E5-A3BC-9BFF36E01E85}.Debug|Any CPU.ActiveCfg = Debug|Any CPU
		{668B8828-FC7A-48E5-A3BC-9BFF36E01E85}.Debug|Any CPU.Build.0 = Debug|Any CPU
		{668B8828-FC7A-48E5-A3BC-9BFF36E01E85}.Release|Any CPU.ActiveCfg = Release|Any CPU
		{668B8828-FC7A-48E5-A3BC-9BFF36E01E85}.Release|Any CPU.Build.0 = Release|Any CPU
	EndGlobalSection
	GlobalSection(SolutionProperties) = preSolution
		HideSolutionNode = FALSE
	EndGlobalSection
	GlobalSection(ExtensibilityGlobals) = postSolution
		SolutionGuid = {D76C6526-03D2-4492-AE13-00226789869F}
	EndGlobalSection
EndGlobal
