
Microsoft Visual Studio Solution File, Format Version 12.00
# Visual Studio Version 16
VisualStudioVersion = 16.0.30804.86
MinimumVisualStudioVersion = 10.0.40219.1
Project("{FAE04EC0-301F-11D3-BF4B-00C04F79EFBC}") = "01.Test", "01.Test\01.Test.csproj", "{DE5CC323-109F-46F0-8199-0F82F9E362CD}"
EndProject
Global
	GlobalSection(SolutionConfigurationPlatforms) = preSolution
		Debug|Any CPU = Debug|Any CPU
		Release|Any CPU = Release|Any CPU
	EndGlobalSection
	GlobalSection(ProjectConfigurationPlatforms) = postSolution
		{DE5CC323-109F-46F0-8199-0F82F9E362CD}.Debug|Any CPU.ActiveCfg = Debug|Any CPU
		{DE5CC323-109F-46F0-8199-0F82F9E362CD}.Debug|Any CPU.Build.0 = Debug|Any CPU
		{DE5CC323-109F-46F0-8199-0F82F9E362CD}.Release|Any CPU.ActiveCfg = Release|Any CPU
		{DE5CC323-109F-46F0-8199-0F82F9E362CD}.Release|Any CPU.Build.0 = Release|Any CPU
	EndGlobalSection
	GlobalSection(SolutionProperties) = preSolution
		HideSolutionNode = FALSE
	EndGlobalSection
	GlobalSection(ExtensibilityGlobals) = postSolution
		SolutionGuid = {D76C6526-03D2-4492-AE13-00226789869F}
	EndGlobalSection
EndGlobal
