
Microsoft Visual Studio Solution File, Format Version 12.00
# Visual Studio Version 16
VisualStudioVersion = 16.0.30711.63
MinimumVisualStudioVersion = 10.0.40219.1
Project("{9A19103F-16F7-4668-BE54-9A1E7A4F7556}") = "01.CountRealNumbers", "01.CountRealNumbers\01.CountRealNumbers.csproj", "{FB9FF1F8-C1FB-4066-8A7A-526D74041F89}"
EndProject
Project("{9A19103F-16F7-4668-BE54-9A1E7A4F7556}") = "02.OddOccurrences", "02.OddOccurrences\02.OddOccurrences.csproj", "{B507CA6F-0A1C-4369-A615-2A398A80A303}"
EndProject
Project("{9A19103F-16F7-4668-BE54-9A1E7A4F7556}") = "03.WordSynonyms", "03.WordSynonyms\03.WordSynonyms.csproj", "{0DA2795A-C553-4647-A057-8BF935C1D652}"
EndProject
Project("{9A19103F-16F7-4668-BE54-9A1E7A4F7556}") = "04.Largest3Numbers", "04.Largest3Numbers\04.Largest3Numbers.csproj", "{56FFDF0B-278A-4263-B06A-B5BC1ED9D83B}"
EndProject
Project("{FAE04EC0-301F-11D3-BF4B-00C04F79EFBC}") = "05.WordFilter", "05.WordFilter\05.WordFilter.csproj", "{38159577-C96B-447E-9D6A-BA834222633E}"
EndProject
Global
	GlobalSection(SolutionConfigurationPlatforms) = preSolution
		Debug|Any CPU = Debug|Any CPU
		Release|Any CPU = Release|Any CPU
	EndGlobalSection
	GlobalSection(ProjectConfigurationPlatforms) = postSolution
		{FB9FF1F8-C1FB-4066-8A7A-526D74041F89}.Debug|Any CPU.ActiveCfg = Debug|Any CPU
		{FB9FF1F8-C1FB-4066-8A7A-526D74041F89}.Debug|Any CPU.Build.0 = Debug|Any CPU
		{FB9FF1F8-C1FB-4066-8A7A-526D74041F89}.Release|Any CPU.ActiveCfg = Release|Any CPU
		{FB9FF1F8-C1FB-4066-8A7A-526D74041F89}.Release|Any CPU.Build.0 = Release|Any CPU
		{B507CA6F-0A1C-4369-A615-2A398A80A303}.Debug|Any CPU.ActiveCfg = Debug|Any CPU
		{B507CA6F-0A1C-4369-A615-2A398A80A303}.Debug|Any CPU.Build.0 = Debug|Any CPU
		{B507CA6F-0A1C-4369-A615-2A398A80A303}.Release|Any CPU.ActiveCfg = Release|Any CPU
		{B507CA6F-0A1C-4369-A615-2A398A80A303}.Release|Any CPU.Build.0 = Release|Any CPU
		{0DA2795A-C553-4647-A057-8BF935C1D652}.Debug|Any CPU.ActiveCfg = Debug|Any CPU
		{0DA2795A-C553-4647-A057-8BF935C1D652}.Debug|Any CPU.Build.0 = Debug|Any CPU
		{0DA2795A-C553-4647-A057-8BF935C1D652}.Release|Any CPU.ActiveCfg = Release|Any CPU
		{0DA2795A-C553-4647-A057-8BF935C1D652}.Release|Any CPU.Build.0 = Release|Any CPU
		{56FFDF0B-278A-4263-B06A-B5BC1ED9D83B}.Debug|Any CPU.ActiveCfg = Debug|Any CPU
		{56FFDF0B-278A-4263-B06A-B5BC1ED9D83B}.Debug|Any CPU.Build.0 = Debug|Any CPU
		{56FFDF0B-278A-4263-B06A-B5BC1ED9D83B}.Release|Any CPU.ActiveCfg = Release|Any CPU
		{56FFDF0B-278A-4263-B06A-B5BC1ED9D83B}.Release|Any CPU.Build.0 = Release|Any CPU
		{38159577-C96B-447E-9D6A-BA834222633E}.Debug|Any CPU.ActiveCfg = Debug|Any CPU
		{38159577-C96B-447E-9D6A-BA834222633E}.Debug|Any CPU.Build.0 = Debug|Any CPU
		{38159577-C96B-447E-9D6A-BA834222633E}.Release|Any CPU.ActiveCfg = Release|Any CPU
		{38159577-C96B-447E-9D6A-BA834222633E}.Release|Any CPU.Build.0 = Release|Any CPU
	EndGlobalSection
	GlobalSection(SolutionProperties) = preSolution
		HideSolutionNode = FALSE
	EndGlobalSection
	GlobalSection(ExtensibilityGlobals) = postSolution
		SolutionGuid = {84BA6932-EC81-4508-A219-ECDAD4FF685F}
	EndGlobalSection
EndGlobal
