
Microsoft Visual Studio Solution File, Format Version 12.00
# Visual Studio Version 16
VisualStudioVersion = 16.0.30804.86
MinimumVisualStudioVersion = 10.0.40219.1
Project("{FAE04EC0-301F-11D3-BF4B-00C04F79EFBC}") = "01.Problem", "01.Problem\01.Problem.csproj", "{A60D6F0C-A4D9-4318-8A71-2A7E4AC77572}"
EndProject
Project("{FAE04EC0-301F-11D3-BF4B-00C04F79EFBC}") = "02.Problem", "02.Problem\02.Problem.csproj", "{11F83D7B-1E13-4B82-B7A3-4127643B7BE4}"
EndProject
Project("{FAE04EC0-301F-11D3-BF4B-00C04F79EFBC}") = "03.Problem", "03.Problem\03.Problem.csproj", "{5BA72CFD-CF8B-4291-B96E-907D279F6B09}"
EndProject
Global
	GlobalSection(SolutionConfigurationPlatforms) = preSolution
		Debug|Any CPU = Debug|Any CPU
		Release|Any CPU = Release|Any CPU
	EndGlobalSection
	GlobalSection(ProjectConfigurationPlatforms) = postSolution
		{A60D6F0C-A4D9-4318-8A71-2A7E4AC77572}.Debug|Any CPU.ActiveCfg = Debug|Any CPU
		{A60D6F0C-A4D9-4318-8A71-2A7E4AC77572}.Debug|Any CPU.Build.0 = Debug|Any CPU
		{A60D6F0C-A4D9-4318-8A71-2A7E4AC77572}.Release|Any CPU.ActiveCfg = Release|Any CPU
		{A60D6F0C-A4D9-4318-8A71-2A7E4AC77572}.Release|Any CPU.Build.0 = Release|Any CPU
		{11F83D7B-1E13-4B82-B7A3-4127643B7BE4}.Debug|Any CPU.ActiveCfg = Debug|Any CPU
		{11F83D7B-1E13-4B82-B7A3-4127643B7BE4}.Debug|Any CPU.Build.0 = Debug|Any CPU
		{11F83D7B-1E13-4B82-B7A3-4127643B7BE4}.Release|Any CPU.ActiveCfg = Release|Any CPU
		{11F83D7B-1E13-4B82-B7A3-4127643B7BE4}.Release|Any CPU.Build.0 = Release|Any CPU
		{5BA72CFD-CF8B-4291-B96E-907D279F6B09}.Debug|Any CPU.ActiveCfg = Debug|Any CPU
		{5BA72CFD-CF8B-4291-B96E-907D279F6B09}.Debug|Any CPU.Build.0 = Debug|Any CPU
		{5BA72CFD-CF8B-4291-B96E-907D279F6B09}.Release|Any CPU.ActiveCfg = Release|Any CPU
		{5BA72CFD-CF8B-4291-B96E-907D279F6B09}.Release|Any CPU.Build.0 = Release|Any CPU
	EndGlobalSection
	GlobalSection(SolutionProperties) = preSolution
		HideSolutionNode = FALSE
	EndGlobalSection
	GlobalSection(ExtensibilityGlobals) = postSolution
		SolutionGuid = {F42B6331-2212-4DA9-96F2-D9093C103DF5}
	EndGlobalSection
EndGlobal
